
Microsoft Visual Studio Solution File, Format Version 12.00
# Visual Studio Version 17
VisualStudioVersion = 17.9.34616.47
MinimumVisualStudioVersion = 10.0.40219.1
Project("{9A19103F-16F7-4668-BE54-9A1E7A4F7556}") = "Project.Application", "Project.Application\Project.Application.csproj", "{70B0DA81-31F2-41AD-9C07-D760747465A3}"
EndProject
Project("{9A19103F-16F7-4668-BE54-9A1E7A4F7556}") = "Project.Domail", "Project.Domail\Project.Domail.csproj", "{123694D7-D9AA-49A5-8C85-1C53DDE8D054}"
EndProject
Project("{9A19103F-16F7-4668-BE54-9A1E7A4F7556}") = "Project.Infrastructure", "Project.Infrastructure\Project.Infrastructure.csproj", "{8D86DE19-1916-403F-A975-8704C2BA5987}"
EndProject
Project("{9A19103F-16F7-4668-BE54-9A1E7A4F7556}") = "Projects.Api", "Projects.Api\Projects.Api.csproj", "{C8003C89-24A1-41F5-8275-1D229956D397}"
EndProject
Project("{2150E333-8FDC-42A3-9474-1A3956D46DE8}") = "src", "src", "{5B95FC44-CB31-4E49-897E-7BE5C1AAEE2B}"
EndProject
Global
	GlobalSection(SolutionConfigurationPlatforms) = preSolution
		Debug|Any CPU = Debug|Any CPU
		Release|Any CPU = Release|Any CPU
	EndGlobalSection
	GlobalSection(ProjectConfigurationPlatforms) = postSolution
		{70B0DA81-31F2-41AD-9C07-D760747465A3}.Debug|Any CPU.ActiveCfg = Debug|Any CPU
		{70B0DA81-31F2-41AD-9C07-D760747465A3}.Debug|Any CPU.Build.0 = Debug|Any CPU
		{70B0DA81-31F2-41AD-9C07-D760747465A3}.Release|Any CPU.ActiveCfg = Release|Any CPU
		{70B0DA81-31F2-41AD-9C07-D760747465A3}.Release|Any CPU.Build.0 = Release|Any CPU
		{123694D7-D9AA-49A5-8C85-1C53DDE8D054}.Debug|Any CPU.ActiveCfg = Debug|Any CPU
		{123694D7-D9AA-49A5-8C85-1C53DDE8D054}.Debug|Any CPU.Build.0 = Debug|Any CPU
		{123694D7-D9AA-49A5-8C85-1C53DDE8D054}.Release|Any CPU.ActiveCfg = Release|Any CPU
		{123694D7-D9AA-49A5-8C85-1C53DDE8D054}.Release|Any CPU.Build.0 = Release|Any CPU
		{8D86DE19-1916-403F-A975-8704C2BA5987}.Debug|Any CPU.ActiveCfg = Debug|Any CPU
		{8D86DE19-1916-403F-A975-8704C2BA5987}.Debug|Any CPU.Build.0 = Debug|Any CPU
		{8D86DE19-1916-403F-A975-8704C2BA5987}.Release|Any CPU.ActiveCfg = Release|Any CPU
		{8D86DE19-1916-403F-A975-8704C2BA5987}.Release|Any CPU.Build.0 = Release|Any CPU
		{C8003C89-24A1-41F5-8275-1D229956D397}.Debug|Any CPU.ActiveCfg = Debug|Any CPU
		{C8003C89-24A1-41F5-8275-1D229956D397}.Debug|Any CPU.Build.0 = Debug|Any CPU
		{C8003C89-24A1-41F5-8275-1D229956D397}.Release|Any CPU.ActiveCfg = Release|Any CPU
		{C8003C89-24A1-41F5-8275-1D229956D397}.Release|Any CPU.Build.0 = Release|Any CPU
	EndGlobalSection
	GlobalSection(SolutionProperties) = preSolution
		HideSolutionNode = FALSE
	EndGlobalSection
	GlobalSection(NestedProjects) = preSolution
		{70B0DA81-31F2-41AD-9C07-D760747465A3} = {5B95FC44-CB31-4E49-897E-7BE5C1AAEE2B}
		{123694D7-D9AA-49A5-8C85-1C53DDE8D054} = {5B95FC44-CB31-4E49-897E-7BE5C1AAEE2B}
		{8D86DE19-1916-403F-A975-8704C2BA5987} = {5B95FC44-CB31-4E49-897E-7BE5C1AAEE2B}
		{C8003C89-24A1-41F5-8275-1D229956D397} = {5B95FC44-CB31-4E49-897E-7BE5C1AAEE2B}
	EndGlobalSection
	GlobalSection(ExtensibilityGlobals) = postSolution
		SolutionGuid = {5E450D00-61B6-4EBC-BB76-D6270BB0E4F0}
	EndGlobalSection
EndGlobal
